// !$*UTF8*$!
{
	archiveVersion = 1;
	classes = {
	};
	objectVersion = 46;
	objects = {

/* Begin PBXBuildFile section */
		8816C6CC1E0276AE00958947 /* ImageToMultiPartFormData.swift in Sources */ = {isa = PBXBuildFile; fileRef = 8816C6CB1E0276AE00958947 /* ImageToMultiPartFormData.swift */; };
		8816C6CF1E027C7D00958947 /* ArticleProtoclol.swift in Sources */ = {isa = PBXBuildFile; fileRef = 8816C6CE1E027C7D00958947 /* ArticleProtoclol.swift */; };
		8885A5091E0399BD00654A50 /* UploadImageModel.swift in Sources */ = {isa = PBXBuildFile; fileRef = 8885A5031E0399BD00654A50 /* UploadImageModel.swift */; };
		8885A50A1E0399BD00654A50 /* UploadImagePresenter.swift in Sources */ = {isa = PBXBuildFile; fileRef = 8885A5051E0399BD00654A50 /* UploadImagePresenter.swift */; };
		8885A50B1E0399BD00654A50 /* UploadImageProtocol.swift in Sources */ = {isa = PBXBuildFile; fileRef = 8885A5071E0399BD00654A50 /* UploadImageProtocol.swift */; };
		8885A50E1E039A1900654A50 /* UploadConfiguration.swift in Sources */ = {isa = PBXBuildFile; fileRef = 8885A50D1E039A1900654A50 /* UploadConfiguration.swift */; };
		8885A5101E039D8500654A50 /* UploadImagesViewController.swift in Sources */ = {isa = PBXBuildFile; fileRef = 8885A50F1E039D8500654A50 /* UploadImagesViewController.swift */; };
		8885A5141E03A68200654A50 /* ImageCell.swift in Sources */ = {isa = PBXBuildFile; fileRef = 8885A5121E03A68200654A50 /* ImageCell.swift */; };
		8885A5151E03A68200654A50 /* ImageCell.xib in Resources */ = {isa = PBXBuildFile; fileRef = 8885A5131E03A68200654A50 /* ImageCell.xib */; };
		B900B9EE1E00C40C001B1635 /* ArticleConfiguration.swift in Sources */ = {isa = PBXBuildFile; fileRef = B900B9ED1E00C40C001B1635 /* ArticleConfiguration.swift */; };
		B9527FC91DFEF3E800A9FAA5 /* ArticleModel.swift in Sources */ = {isa = PBXBuildFile; fileRef = B9527FC01DFEF3E800A9FAA5 /* ArticleModel.swift */; };
		B9527FCA1DFEF3E800A9FAA5 /* ArticleDetailViewController.swift in Sources */ = {isa = PBXBuildFile; fileRef = B9527FC31DFEF3E800A9FAA5 /* ArticleDetailViewController.swift */; };
		B9527FCB1DFEF3E800A9FAA5 /* ArticleListViewController.swift in Sources */ = {isa = PBXBuildFile; fileRef = B9527FC41DFEF3E800A9FAA5 /* ArticleListViewController.swift */; };
		B9527FCC1DFEF3E800A9FAA5 /* AppDelegate.swift in Sources */ = {isa = PBXBuildFile; fileRef = B9527FC61DFEF3E800A9FAA5 /* AppDelegate.swift */; };
		B9527FCD1DFEF3E800A9FAA5 /* Assets.xcassets in Resources */ = {isa = PBXBuildFile; fileRef = B9527FC71DFEF3E800A9FAA5 /* Assets.xcassets */; };
		B9527FCE1DFEF3E800A9FAA5 /* Info.plist in Resources */ = {isa = PBXBuildFile; fileRef = B9527FC81DFEF3E800A9FAA5 /* Info.plist */; };
		B9527FFF1DFEFDDA00A9FAA5 /* Article.swift in Sources */ = {isa = PBXBuildFile; fileRef = B9527FFE1DFEFDDA00A9FAA5 /* Article.swift */; };
		B95280011DFF040E00A9FAA5 /* ArticlePresenter.swift in Sources */ = {isa = PBXBuildFile; fileRef = B95280001DFF040E00A9FAA5 /* ArticlePresenter.swift */; };
		B9553F231DFFAEF60065A607 /* ArticleCell.swift in Sources */ = {isa = PBXBuildFile; fileRef = B9553F211DFFAEF60065A607 /* ArticleCell.swift */; };
		B9553F241DFFAEF60065A607 /* ArticleCell.xib in Resources */ = {isa = PBXBuildFile; fileRef = B9553F221DFFAEF60065A607 /* ArticleCell.xib */; };
		B9553F2A1DFFFB5F0065A607 /* LoadingPopup.swift in Sources */ = {isa = PBXBuildFile; fileRef = B9553F281DFFFB5F0065A607 /* LoadingPopup.swift */; };
		B9553F2B1DFFFB5F0065A607 /* LoadingPopup.xib in Resources */ = {isa = PBXBuildFile; fileRef = B9553F291DFFFB5F0065A607 /* LoadingPopup.xib */; };
		B9553F2E1DFFFDC50065A607 /* TextField.swift in Sources */ = {isa = PBXBuildFile; fileRef = B9553F2D1DFFFDC50065A607 /* TextField.swift */; };
		B9553F321E00564D0065A607 /* TextView.swift in Sources */ = {isa = PBXBuildFile; fileRef = B9553F311E00564D0065A607 /* TextView.swift */; };
/* End PBXBuildFile section */

/* Begin PBXFileReference section */
		8816C6CB1E0276AE00958947 /* ImageToMultiPartFormData.swift */ = {isa = PBXFileReference; fileEncoding = 4; lastKnownFileType = sourcecode.swift; path = ImageToMultiPartFormData.swift; sourceTree = "<group>"; };
		8816C6CE1E027C7D00958947 /* ArticleProtoclol.swift */ = {isa = PBXFileReference; fileEncoding = 4; lastKnownFileType = sourcecode.swift; path = ArticleProtoclol.swift; sourceTree = "<group>"; };
		8885A5031E0399BD00654A50 /* UploadImageModel.swift */ = {isa = PBXFileReference; fileEncoding = 4; lastKnownFileType = sourcecode.swift; path = UploadImageModel.swift; sourceTree = "<group>"; };
		8885A5051E0399BD00654A50 /* UploadImagePresenter.swift */ = {isa = PBXFileReference; fileEncoding = 4; lastKnownFileType = sourcecode.swift; path = UploadImagePresenter.swift; sourceTree = "<group>"; };
		8885A5071E0399BD00654A50 /* UploadImageProtocol.swift */ = {isa = PBXFileReference; fileEncoding = 4; lastKnownFileType = sourcecode.swift; path = UploadImageProtocol.swift; sourceTree = "<group>"; };
		8885A50D1E039A1900654A50 /* UploadConfiguration.swift */ = {isa = PBXFileReference; fileEncoding = 4; lastKnownFileType = sourcecode.swift; path = UploadConfiguration.swift; sourceTree = "<group>"; };
		8885A50F1E039D8500654A50 /* UploadImagesViewController.swift */ = {isa = PBXFileReference; fileEncoding = 4; lastKnownFileType = sourcecode.swift; path = UploadImagesViewController.swift; sourceTree = "<group>"; };
		8885A5121E03A68200654A50 /* ImageCell.swift */ = {isa = PBXFileReference; fileEncoding = 4; lastKnownFileType = sourcecode.swift; path = ImageCell.swift; sourceTree = "<group>"; };
		8885A5131E03A68200654A50 /* ImageCell.xib */ = {isa = PBXFileReference; fileEncoding = 4; lastKnownFileType = file.xib; path = ImageCell.xib; sourceTree = "<group>"; };
		B900B9ED1E00C40C001B1635 /* ArticleConfiguration.swift */ = {isa = PBXFileReference; fileEncoding = 4; lastKnownFileType = sourcecode.swift; path = ArticleConfiguration.swift; sourceTree = "<group>"; };
		B936C7701DFEF301001BBF88 /* Channy Article Management.app */ = {isa = PBXFileReference; explicitFileType = wrapper.application; includeInIndex = 0; path = "Channy Article Management.app"; sourceTree = BUILT_PRODUCTS_DIR; };
		B9527FC01DFEF3E800A9FAA5 /* ArticleModel.swift */ = {isa = PBXFileReference; fileEncoding = 4; lastKnownFileType = sourcecode.swift; path = ArticleModel.swift; sourceTree = "<group>"; };
		B9527FC31DFEF3E800A9FAA5 /* ArticleDetailViewController.swift */ = {isa = PBXFileReference; fileEncoding = 4; lastKnownFileType = sourcecode.swift; path = ArticleDetailViewController.swift; sourceTree = "<group>"; };
		B9527FC41DFEF3E800A9FAA5 /* ArticleListViewController.swift */ = {isa = PBXFileReference; fileEncoding = 4; lastKnownFileType = sourcecode.swift; path = ArticleListViewController.swift; sourceTree = "<group>"; };
		B9527FC61DFEF3E800A9FAA5 /* AppDelegate.swift */ = {isa = PBXFileReference; fileEncoding = 4; lastKnownFileType = sourcecode.swift; path = AppDelegate.swift; sourceTree = "<group>"; };
		B9527FC71DFEF3E800A9FAA5 /* Assets.xcassets */ = {isa = PBXFileReference; lastKnownFileType = folder.assetcatalog; path = Assets.xcassets; sourceTree = "<group>"; };
		B9527FC81DFEF3E800A9FAA5 /* Info.plist */ = {isa = PBXFileReference; fileEncoding = 4; lastKnownFileType = text.plist.xml; path = Info.plist; sourceTree = "<group>"; };
		B9527FFE1DFEFDDA00A9FAA5 /* Article.swift */ = {isa = PBXFileReference; fileEncoding = 4; lastKnownFileType = sourcecode.swift; path = Article.swift; sourceTree = "<group>"; };
		B95280001DFF040E00A9FAA5 /* ArticlePresenter.swift */ = {isa = PBXFileReference; fileEncoding = 4; lastKnownFileType = sourcecode.swift; path = ArticlePresenter.swift; sourceTree = "<group>"; };
		B9553F211DFFAEF60065A607 /* ArticleCell.swift */ = {isa = PBXFileReference; fileEncoding = 4; lastKnownFileType = sourcecode.swift; path = ArticleCell.swift; sourceTree = "<group>"; };
		B9553F221DFFAEF60065A607 /* ArticleCell.xib */ = {isa = PBXFileReference; fileEncoding = 4; lastKnownFileType = file.xib; path = ArticleCell.xib; sourceTree = "<group>"; };
		B9553F281DFFFB5F0065A607 /* LoadingPopup.swift */ = {isa = PBXFileReference; fileEncoding = 4; lastKnownFileType = sourcecode.swift; path = LoadingPopup.swift; sourceTree = "<group>"; };
		B9553F291DFFFB5F0065A607 /* LoadingPopup.xib */ = {isa = PBXFileReference; fileEncoding = 4; lastKnownFileType = file.xib; path = LoadingPopup.xib; sourceTree = "<group>"; };
		B9553F2D1DFFFDC50065A607 /* TextField.swift */ = {isa = PBXFileReference; fileEncoding = 4; lastKnownFileType = sourcecode.swift; path = TextField.swift; sourceTree = "<group>"; };
		B9553F311E00564D0065A607 /* TextView.swift */ = {isa = PBXFileReference; fileEncoding = 4; lastKnownFileType = sourcecode.swift; path = TextView.swift; sourceTree = "<group>"; };
/* End PBXFileReference section */

/* Begin PBXFrameworksBuildPhase section */
		B936C76D1DFEF301001BBF88 /* Frameworks */ = {
			isa = PBXFrameworksBuildPhase;
			buildActionMask = 2147483647;
			files = (
			);
			runOnlyForDeploymentPostprocessing = 0;
		};
/* End PBXFrameworksBuildPhase section */

/* Begin PBXGroup section */
		8816C6CA1E02765200958947 /* Utitlity */ = {
			isa = PBXGroup;
			children = (
				8816C6CB1E0276AE00958947 /* ImageToMultiPartFormData.swift */,
			);
			path = Utitlity;
			sourceTree = "<group>";
		};
		8816C6CD1E027C4C00958947 /* Protocol */ = {
			isa = PBXGroup;
			children = (
				8816C6CE1E027C7D00958947 /* ArticleProtoclol.swift */,
			);
			path = Protocol;
			sourceTree = "<group>";
		};
		8885A5001E0399BD00654A50 /* Restaurant Uplad images */ = {
			isa = PBXGroup;
			children = (
				8885A5061E0399BD00654A50 /* Protocol */,
				8885A5011E0399BD00654A50 /* Model */,
				8885A5041E0399BD00654A50 /* Presenter */,
				8885A5081E0399BD00654A50 /* View */,
			);
			path = "Restaurant Uplad images";
			sourceTree = "<group>";
		};
		8885A5011E0399BD00654A50 /* Model */ = {
			isa = PBXGroup;
			children = (
				8885A50C1E039A0900654A50 /* Configuration */,
				8885A5031E0399BD00654A50 /* UploadImageModel.swift */,
			);
			path = Model;
			sourceTree = "<group>";
		};
		8885A5041E0399BD00654A50 /* Presenter */ = {
			isa = PBXGroup;
			children = (
				8885A5051E0399BD00654A50 /* UploadImagePresenter.swift */,
			);
			path = Presenter;
			sourceTree = "<group>";
		};
		8885A5061E0399BD00654A50 /* Protocol */ = {
			isa = PBXGroup;
			children = (
				8885A5071E0399BD00654A50 /* UploadImageProtocol.swift */,
			);
			path = Protocol;
			sourceTree = "<group>";
		};
		8885A5081E0399BD00654A50 /* View */ = {
			isa = PBXGroup;
			children = (
				8885A5111E03A65700654A50 /* XIB */,
				8885A50F1E039D8500654A50 /* UploadImagesViewController.swift */,
			);
			path = View;
			sourceTree = "<group>";
		};
		8885A50C1E039A0900654A50 /* Configuration */ = {
			isa = PBXGroup;
			children = (
				8885A50D1E039A1900654A50 /* UploadConfiguration.swift */,
			);
			path = Configuration;
			sourceTree = "<group>";
		};
		8885A5111E03A65700654A50 /* XIB */ = {
			isa = PBXGroup;
			children = (
				8885A5121E03A68200654A50 /* ImageCell.swift */,
				8885A5131E03A68200654A50 /* ImageCell.xib */,
			);
			path = XIB;
			sourceTree = "<group>";
		};
		B900B9E31E00BCC9001B1635 /* Support file */ = {
			isa = PBXGroup;
			children = (
			);
			path = "Support file";
			sourceTree = "<group>";
		};
		B900B9EC1E00C40C001B1635 /* Configuration */ = {
			isa = PBXGroup;
			children = (
				B900B9ED1E00C40C001B1635 /* ArticleConfiguration.swift */,
			);
			path = Configuration;
			sourceTree = "<group>";
		};
		B936C7671DFEF301001BBF88 = {
			isa = PBXGroup;
			children = (
				B936C7721DFEF301001BBF88 /* Channy Article Management */,
				B936C7711DFEF301001BBF88 /* Products */,
			);
			sourceTree = "<group>";
		};
		B936C7711DFEF301001BBF88 /* Products */ = {
			isa = PBXGroup;
			children = (
				B936C7701DFEF301001BBF88 /* Channy Article Management.app */,
			);
			name = Products;
			sourceTree = "<group>";
		};
		B936C7721DFEF301001BBF88 /* Channy Article Management */ = {
			isa = PBXGroup;
			children = (
				8816C6CA1E02765200958947 /* Utitlity */,
				B900B9E31E00BCC9001B1635 /* Support file */,
				B9527FBC1DFEF3E800A9FAA5 /* Entities */,
				B9527FBD1DFEF3E800A9FAA5 /* Module */,
				B9527FC51DFEF3E800A9FAA5 /* Resources */,
			);
			path = "Channy Article Management";
			sourceTree = "<group>";
		};
		B9527FBC1DFEF3E800A9FAA5 /* Entities */ = {
			isa = PBXGroup;
			children = (
				B9527FFE1DFEFDDA00A9FAA5 /* Article.swift */,
			);
			path = Entities;
			sourceTree = "<group>";
		};
		B9527FBD1DFEF3E800A9FAA5 /* Module */ = {
			isa = PBXGroup;
			children = (
				8885A5001E0399BD00654A50 /* Restaurant Uplad images */,
				B9527FBE1DFEF3E800A9FAA5 /* Article */,
			);
			path = Module;
			sourceTree = "<group>";
		};
		B9527FBE1DFEF3E800A9FAA5 /* Article */ = {
			isa = PBXGroup;
			children = (
				8816C6CD1E027C4C00958947 /* Protocol */,
				B9527FBF1DFEF3E800A9FAA5 /* Model */,
				B9527FC11DFEF3E800A9FAA5 /* Presenter */,
				B9527FC21DFEF3E800A9FAA5 /* View */,
			);
			path = Article;
			sourceTree = "<group>";
		};
		B9527FBF1DFEF3E800A9FAA5 /* Model */ = {
			isa = PBXGroup;
			children = (
				B900B9EC1E00C40C001B1635 /* Configuration */,
				B9527FC01DFEF3E800A9FAA5 /* ArticleModel.swift */,
			);
			path = Model;
			sourceTree = "<group>";
		};
		B9527FC11DFEF3E800A9FAA5 /* Presenter */ = {
			isa = PBXGroup;
			children = (
				B95280001DFF040E00A9FAA5 /* ArticlePresenter.swift */,
			);
			path = Presenter;
			sourceTree = "<group>";
		};
		B9527FC21DFEF3E800A9FAA5 /* View */ = {
			isa = PBXGroup;
			children = (
				B9553F201DFFAEB00065A607 /* XIB */,
				B9527FC31DFEF3E800A9FAA5 /* ArticleDetailViewController.swift */,
				B9527FC41DFEF3E800A9FAA5 /* ArticleListViewController.swift */,
			);
			path = View;
			sourceTree = "<group>";
		};
		B9527FC51DFEF3E800A9FAA5 /* Resources */ = {
			isa = PBXGroup;
			children = (
				B9553F2C1DFFFDAC0065A607 /* View */,
				B9527FC61DFEF3E800A9FAA5 /* AppDelegate.swift */,
				B9527FC71DFEF3E800A9FAA5 /* Assets.xcassets */,
				B9527FC81DFEF3E800A9FAA5 /* Info.plist */,
			);
			path = Resources;
			sourceTree = "<group>";
		};
		B9553F201DFFAEB00065A607 /* XIB */ = {
			isa = PBXGroup;
			children = (
				B9553F211DFFAEF60065A607 /* ArticleCell.swift */,
				B9553F221DFFAEF60065A607 /* ArticleCell.xib */,
				B9553F281DFFFB5F0065A607 /* LoadingPopup.swift */,
				B9553F291DFFFB5F0065A607 /* LoadingPopup.xib */,
			);
			path = XIB;
			sourceTree = "<group>";
		};
		B9553F2C1DFFFDAC0065A607 /* View */ = {
			isa = PBXGroup;
			children = (
				B9553F2D1DFFFDC50065A607 /* TextField.swift */,
				B9553F311E00564D0065A607 /* TextView.swift */,
			);
			path = View;
			sourceTree = "<group>";
		};
/* End PBXGroup section */

/* Begin PBXNativeTarget section */
		B936C76F1DFEF301001BBF88 /* Channy Article Management */ = {
			isa = PBXNativeTarget;
			buildConfigurationList = B936C7821DFEF301001BBF88 /* Build configuration list for PBXNativeTarget "Channy Article Management" */;
			buildPhases = (
				B936C76C1DFEF301001BBF88 /* Sources */,
				B936C76D1DFEF301001BBF88 /* Frameworks */,
				B936C76E1DFEF301001BBF88 /* Resources */,
			);
			buildRules = (
			);
			dependencies = (
			);
			name = "Channy Article Management";
			productName = "Channy Article Management";
			productReference = B936C7701DFEF301001BBF88 /* Channy Article Management.app */;
			productType = "com.apple.product-type.application";
		};
/* End PBXNativeTarget section */

/* Begin PBXProject section */
		B936C7681DFEF301001BBF88 /* Project object */ = {
			isa = PBXProject;
			attributes = {
				LastSwiftUpdateCheck = 0810;
				LastUpgradeCheck = 0810;
				ORGANIZATIONNAME = "channy-origin";
				TargetAttributes = {
					B936C76F1DFEF301001BBF88 = {
						CreatedOnToolsVersion = 8.1;
						DevelopmentTeam = 8Y5V7RQGVY;
						ProvisioningStyle = Automatic;
					};
				};
			};
			buildConfigurationList = B936C76B1DFEF301001BBF88 /* Build configuration list for PBXProject "Channy Article Management" */;
			compatibilityVersion = "Xcode 3.2";
			developmentRegion = English;
			hasScannedForEncodings = 0;
			knownRegions = (
				en,
				Base,
			);
			mainGroup = B936C7671DFEF301001BBF88;
			productRefGroup = B936C7711DFEF301001BBF88 /* Products */;
			projectDirPath = "";
			projectRoot = "";
			targets = (
				B936C76F1DFEF301001BBF88 /* Channy Article Management */,
			);
		};
/* End PBXProject section */

/* Begin PBXResourcesBuildPhase section */
		B936C76E1DFEF301001BBF88 /* Resources */ = {
			isa = PBXResourcesBuildPhase;
			buildActionMask = 2147483647;
			files = (
				B9527FCD1DFEF3E800A9FAA5 /* Assets.xcassets in Resources */,
				B9553F241DFFAEF60065A607 /* ArticleCell.xib in Resources */,
				B9527FCE1DFEF3E800A9FAA5 /* Info.plist in Resources */,
				8885A5151E03A68200654A50 /* ImageCell.xib in Resources */,
				B9553F2B1DFFFB5F0065A607 /* LoadingPopup.xib in Resources */,
			);
			runOnlyForDeploymentPostprocessing = 0;
		};
/* End PBXResourcesBuildPhase section */

/* Begin PBXSourcesBuildPhase section */
		B936C76C1DFEF301001BBF88 /* Sources */ = {
			isa = PBXSourcesBuildPhase;
			buildActionMask = 2147483647;
			files = (
				B9527FCC1DFEF3E800A9FAA5 /* AppDelegate.swift in Sources */,
				B9527FCA1DFEF3E800A9FAA5 /* ArticleDetailViewController.swift in Sources */,
				8885A5101E039D8500654A50 /* UploadImagesViewController.swift in Sources */,
				8885A5141E03A68200654A50 /* ImageCell.swift in Sources */,
				B9527FCB1DFEF3E800A9FAA5 /* ArticleListViewController.swift in Sources */,
				8816C6CC1E0276AE00958947 /* ImageToMultiPartFormData.swift in Sources */,
				B95280011DFF040E00A9FAA5 /* ArticlePresenter.swift in Sources */,
				B9553F231DFFAEF60065A607 /* ArticleCell.swift in Sources */,
				8885A5091E0399BD00654A50 /* UploadImageModel.swift in Sources */,
				B9527FC91DFEF3E800A9FAA5 /* ArticleModel.swift in Sources */,
				B9553F2E1DFFFDC50065A607 /* TextField.swift in Sources */,
				8885A50A1E0399BD00654A50 /* UploadImagePresenter.swift in Sources */,
				B9527FFF1DFEFDDA00A9FAA5 /* Article.swift in Sources */,
				8885A50E1E039A1900654A50 /* UploadConfiguration.swift in Sources */,
				B9553F2A1DFFFB5F0065A607 /* LoadingPopup.swift in Sources */,
				B900B9EE1E00C40C001B1635 /* ArticleConfiguration.swift in Sources */,
				B9553F321E00564D0065A607 /* TextView.swift in Sources */,
				8885A50B1E0399BD00654A50 /* UploadImageProtocol.swift in Sources */,
				8816C6CF1E027C7D00958947 /* ArticleProtoclol.swift in Sources */,
			);
			runOnlyForDeploymentPostprocessing = 0;
		};
/* End PBXSourcesBuildPhase section */

/* Begin XCBuildConfiguration section */
		B936C7801DFEF301001BBF88 /* Debug */ = {
			isa = XCBuildConfiguration;
			buildSettings = {
				ALWAYS_SEARCH_USER_PATHS = NO;
				CLANG_ANALYZER_NONNULL = YES;
				CLANG_CXX_LANGUAGE_STANDARD = "gnu++0x";
				CLANG_CXX_LIBRARY = "libc++";
				CLANG_ENABLE_MODULES = YES;
				CLANG_ENABLE_OBJC_ARC = YES;
				CLANG_WARN_BOOL_CONVERSION = YES;
				CLANG_WARN_CONSTANT_CONVERSION = YES;
				CLANG_WARN_DIRECT_OBJC_ISA_USAGE = YES_ERROR;
				CLANG_WARN_DOCUMENTATION_COMMENTS = YES;
				CLANG_WARN_EMPTY_BODY = YES;
				CLANG_WARN_ENUM_CONVERSION = YES;
				CLANG_WARN_INFINITE_RECURSION = YES;
				CLANG_WARN_INT_CONVERSION = YES;
				CLANG_WARN_OBJC_ROOT_CLASS = YES_ERROR;
				CLANG_WARN_SUSPICIOUS_MOVES = YES;
				CLANG_WARN_UNREACHABLE_CODE = YES;
				CLANG_WARN__DUPLICATE_METHOD_MATCH = YES;
				"CODE_SIGN_IDENTITY[sdk=iphoneos*]" = "iPhone Developer";
				COPY_PHASE_STRIP = NO;
				DEBUG_INFORMATION_FORMAT = dwarf;
				ENABLE_STRICT_OBJC_MSGSEND = YES;
				ENABLE_TESTABILITY = YES;
				GCC_C_LANGUAGE_STANDARD = gnu99;
				GCC_DYNAMIC_NO_PIC = NO;
				GCC_NO_COMMON_BLOCKS = YES;
				GCC_OPTIMIZATION_LEVEL = 0;
				GCC_PREPROCESSOR_DEFINITIONS = (
					"DEBUG=1",
					"$(inherited)",
				);
				GCC_WARN_64_TO_32_BIT_CONVERSION = YES;
				GCC_WARN_ABOUT_RETURN_TYPE = YES_ERROR;
				GCC_WARN_UNDECLARED_SELECTOR = YES;
				GCC_WARN_UNINITIALIZED_AUTOS = YES_AGGRESSIVE;
				GCC_WARN_UNUSED_FUNCTION = YES;
				GCC_WARN_UNUSED_VARIABLE = YES;
				IPHONEOS_DEPLOYMENT_TARGET = 10.1;
				MTL_ENABLE_DEBUG_INFO = YES;
				ONLY_ACTIVE_ARCH = YES;
				SDKROOT = iphoneos;
				SWIFT_ACTIVE_COMPILATION_CONDITIONS = DEBUG;
				SWIFT_OPTIMIZATION_LEVEL = "-Onone";
				TARGETED_DEVICE_FAMILY = "1,2";
			};
			name = Debug;
		};
		B936C7811DFEF301001BBF88 /* Release */ = {
			isa = XCBuildConfiguration;
			buildSettings = {
				ALWAYS_SEARCH_USER_PATHS = NO;
				CLANG_ANALYZER_NONNULL = YES;
				CLANG_CXX_LANGUAGE_STANDARD = "gnu++0x";
				CLANG_CXX_LIBRARY = "libc++";
				CLANG_ENABLE_MODULES = YES;
				CLANG_ENABLE_OBJC_ARC = YES;
				CLANG_WARN_BOOL_CONVERSION = YES;
				CLANG_WARN_CONSTANT_CONVERSION = YES;
				CLANG_WARN_DIRECT_OBJC_ISA_USAGE = YES_ERROR;
				CLANG_WARN_DOCUMENTATION_COMMENTS = YES;
				CLANG_WARN_EMPTY_BODY = YES;
				CLANG_WARN_ENUM_CONVERSION = YES;
				CLANG_WARN_INFINITE_RECURSION = YES;
				CLANG_WARN_INT_CONVERSION = YES;
				CLANG_WARN_OBJC_ROOT_CLASS = YES_ERROR;
				CLANG_WARN_SUSPICIOUS_MOVES = YES;
				CLANG_WARN_UNREACHABLE_CODE = YES;
				CLANG_WARN__DUPLICATE_METHOD_MATCH = YES;
				"CODE_SIGN_IDENTITY[sdk=iphoneos*]" = "iPhone Developer";
				COPY_PHASE_STRIP = NO;
				DEBUG_INFORMATION_FORMAT = "dwarf-with-dsym";
				ENABLE_NS_ASSERTIONS = NO;
				ENABLE_STRICT_OBJC_MSGSEND = YES;
				GCC_C_LANGUAGE_STANDARD = gnu99;
				GCC_NO_COMMON_BLOCKS = YES;
				GCC_WARN_64_TO_32_BIT_CONVERSION = YES;
				GCC_WARN_ABOUT_RETURN_TYPE = YES_ERROR;
				GCC_WARN_UNDECLARED_SELECTOR = YES;
				GCC_WARN_UNINITIALIZED_AUTOS = YES_AGGRESSIVE;
				GCC_WARN_UNUSED_FUNCTION = YES;
				GCC_WARN_UNUSED_VARIABLE = YES;
				IPHONEOS_DEPLOYMENT_TARGET = 10.1;
				MTL_ENABLE_DEBUG_INFO = NO;
				SDKROOT = iphoneos;
				SWIFT_OPTIMIZATION_LEVEL = "-Owholemodule";
				TARGETED_DEVICE_FAMILY = "1,2";
				VALIDATE_PRODUCT = YES;
			};
			name = Release;
		};
		B936C7831DFEF301001BBF88 /* Debug */ = {
			isa = XCBuildConfiguration;
			buildSettings = {
				ASSETCATALOG_COMPILER_APPICON_NAME = AppIcon;
				DEVELOPMENT_TEAM = 8Y5V7RQGVY;
				INFOPLIST_FILE = "$(SRCROOT)/Channy Article Management/Resources/Info.plist";
				LD_RUNPATH_SEARCH_PATHS = "$(inherited) @executable_path/Frameworks";
				PRODUCT_BUNDLE_IDENTIFIER = "com.channy.origin.Channy-Article-Management";
				PRODUCT_NAME = "$(TARGET_NAME)";
				SWIFT_VERSION = 3.0;
			};
			name = Debug;
		};
		B936C7841DFEF301001BBF88 /* Release */ = {
			isa = XCBuildConfiguration;
			buildSettings = {
				ASSETCATALOG_COMPILER_APPICON_NAME = AppIcon;
				DEVELOPMENT_TEAM = 8Y5V7RQGVY;
				INFOPLIST_FILE = "$(SRCROOT)/Channy Article Management/Resources/Info.plist";
				LD_RUNPATH_SEARCH_PATHS = "$(inherited) @executable_path/Frameworks";
				PRODUCT_BUNDLE_IDENTIFIER = "com.channy.origin.Channy-Article-Management";
				PRODUCT_NAME = "$(TARGET_NAME)";
				SWIFT_VERSION = 3.0;
			};
			name = Release;
		};
/* End XCBuildConfiguration section */

/* Begin XCConfigurationList section */
		B936C76B1DFEF301001BBF88 /* Build configuration list for PBXProject "Channy Article Management" */ = {
			isa = XCConfigurationList;
			buildConfigurations = (
				B936C7801DFEF301001BBF88 /* Debug */,
				B936C7811DFEF301001BBF88 /* Release */,
			);
			defaultConfigurationIsVisible = 0;
			defaultConfigurationName = Release;
		};
		B936C7821DFEF301001BBF88 /* Build configuration list for PBXNativeTarget "Channy Article Management" */ = {
			isa = XCConfigurationList;
			buildConfigurations = (
				B936C7831DFEF301001BBF88 /* Debug */,
				B936C7841DFEF301001BBF88 /* Release */,
			);
			defaultConfigurationIsVisible = 0;
			defaultConfigurationName = Release;
		};
/* End XCConfigurationList section */
	};
	rootObject = B936C7681DFEF301001BBF88 /* Project object */;
}
